
Microsoft Visual Studio Solution File, Format Version 12.00
# Visual Studio 15
VisualStudioVersion = 15.0.27004.2002
MinimumVisualStudioVersion = 10.0.40219.1
Project("{FAE04EC0-301F-11D3-BF4B-00C04F79EFBC}") = "Task1", "Task1\Task1.csproj", "{7200E8C9-81CA-45AA-AC68-DBD03CD5D102}"
EndProject
Project("{FAE04EC0-301F-11D3-BF4B-00C04F79EFBC}") = "Task2", "Task2\Task2.csproj", "{75F85FDF-6680-438C-9B4F-4A1F5AEB97E5}"
EndProject
Project("{FAE04EC0-301F-11D3-BF4B-00C04F79EFBC}") = "Task3", "Task3\Task3.csproj", "{9F411F2F-5621-43BE-BC80-3B62AAA3B95C}"
EndProject
Global
	GlobalSection(SolutionConfigurationPlatforms) = preSolution
		Debug|Any CPU = Debug|Any CPU
		Release|Any CPU = Release|Any CPU
	EndGlobalSection
	GlobalSection(ProjectConfigurationPlatforms) = postSolution
		{7200E8C9-81CA-45AA-AC68-DBD03CD5D102}.Debug|Any CPU.ActiveCfg = Debug|Any CPU
		{7200E8C9-81CA-45AA-AC68-DBD03CD5D102}.Debug|Any CPU.Build.0 = Debug|Any CPU
		{7200E8C9-81CA-45AA-AC68-DBD03CD5D102}.Release|Any CPU.ActiveCfg = Release|Any CPU
		{7200E8C9-81CA-45AA-AC68-DBD03CD5D102}.Release|Any CPU.Build.0 = Release|Any CPU
		{75F85FDF-6680-438C-9B4F-4A1F5AEB97E5}.Debug|Any CPU.ActiveCfg = Debug|Any CPU
		{75F85FDF-6680-438C-9B4F-4A1F5AEB97E5}.Debug|Any CPU.Build.0 = Debug|Any CPU
		{75F85FDF-6680-438C-9B4F-4A1F5AEB97E5}.Release|Any CPU.ActiveCfg = Release|Any CPU
		{75F85FDF-6680-438C-9B4F-4A1F5AEB97E5}.Release|Any CPU.Build.0 = Release|Any CPU
		{9F411F2F-5621-43BE-BC80-3B62AAA3B95C}.Debug|Any CPU.ActiveCfg = Debug|Any CPU
		{9F411F2F-5621-43BE-BC80-3B62AAA3B95C}.Debug|Any CPU.Build.0 = Debug|Any CPU
		{9F411F2F-5621-43BE-BC80-3B62AAA3B95C}.Release|Any CPU.ActiveCfg = Release|Any CPU
		{9F411F2F-5621-43BE-BC80-3B62AAA3B95C}.Release|Any CPU.Build.0 = Release|Any CPU
	EndGlobalSection
	GlobalSection(SolutionProperties) = preSolution
		HideSolutionNode = FALSE
	EndGlobalSection
	GlobalSection(ExtensibilityGlobals) = postSolution
		SolutionGuid = {44470D2B-6C8D-4264-9431-DADAD3E26DA8}
	EndGlobalSection
EndGlobal
